
Microsoft Visual Studio Solution File, Format Version 12.00
# Visual Studio Version 16
VisualStudioVersion = 16.0.31729.503
MinimumVisualStudioVersion = 10.0.40219.1
Project("{FAE04EC0-301F-11D3-BF4B-00C04F79EFBC}") = "AdoNETDemo", "AdoNETDemo\AdoNETDemo.csproj", "{9E31F4B0-15DC-4A44-BD4E-54B1A0058DA9}"
EndProject
Global
	GlobalSection(SolutionConfigurationPlatforms) = preSolution
		Debug|Any CPU = Debug|Any CPU
		Release|Any CPU = Release|Any CPU
	EndGlobalSection
	GlobalSection(ProjectConfigurationPlatforms) = postSolution
		{9E31F4B0-15DC-4A44-BD4E-54B1A0058DA9}.Debug|Any CPU.ActiveCfg = Debug|Any CPU
		{9E31F4B0-15DC-4A44-BD4E-54B1A0058DA9}.Debug|Any CPU.Build.0 = Debug|Any CPU
		{9E31F4B0-15DC-4A44-BD4E-54B1A0058DA9}.Release|Any CPU.ActiveCfg = Release|Any CPU
		{9E31F4B0-15DC-4A44-BD4E-54B1A0058DA9}.Release|Any CPU.Build.0 = Release|Any CPU
	EndGlobalSection
	GlobalSection(SolutionProperties) = preSolution
		HideSolutionNode = FALSE
	EndGlobalSection
	GlobalSection(ExtensibilityGlobals) = postSolution
		SolutionGuid = {F8EB8D9E-AB6F-4103-B1C5-23F06BF9F062}
	EndGlobalSection
EndGlobal
