
Microsoft Visual Studio Solution File, Format Version 12.00
Project("{FAE04EC0-301F-11D3-BF4B-00C04F79EFBC}") = "Composite", "Composite\Composite.csproj", "{AC0CB820-657F-4A9A-8909-7D0224CA3EDF}"
EndProject
Global
	GlobalSection(SolutionConfigurationPlatforms) = preSolution
		Debug|Any CPU = Debug|Any CPU
		Release|Any CPU = Release|Any CPU
	EndGlobalSection
	GlobalSection(ProjectConfigurationPlatforms) = postSolution
		{AC0CB820-657F-4A9A-8909-7D0224CA3EDF}.Debug|Any CPU.ActiveCfg = Debug|Any CPU
		{AC0CB820-657F-4A9A-8909-7D0224CA3EDF}.Debug|Any CPU.Build.0 = Debug|Any CPU
		{AC0CB820-657F-4A9A-8909-7D0224CA3EDF}.Release|Any CPU.ActiveCfg = Release|Any CPU
		{AC0CB820-657F-4A9A-8909-7D0224CA3EDF}.Release|Any CPU.Build.0 = Release|Any CPU
	EndGlobalSection
EndGlobal
