
Microsoft Visual Studio Solution File, Format Version 12.00
# Visual Studio Version 16
VisualStudioVersion = 16.0.31729.503
MinimumVisualStudioVersion = 10.0.40219.1
Project("{FAE04EC0-301F-11D3-BF4B-00C04F79EFBC}") = "Northwind.Entities", "Northwind.Entities\Northwind.Entities.csproj", "{3C8A1680-6B23-4284-BEF0-2BC85CC77458}"
EndProject
Project("{FAE04EC0-301F-11D3-BF4B-00C04F79EFBC}") = "Northwind.DataAccess", "Northwind.DataAccess\Northwind.DataAccess.csproj", "{995CF466-62A6-4A12-8ED0-EDFAFA3570E1}"
EndProject
Project("{FAE04EC0-301F-11D3-BF4B-00C04F79EFBC}") = "Northwind.Business", "Northwind.Business\Northwind.Business.csproj", "{7B1B8047-7C49-47E1-9BD9-5D94C7E7FA57}"
EndProject
Project("{FAE04EC0-301F-11D3-BF4B-00C04F79EFBC}") = "Northwind.WindowsFormUI", "Northwind.WindowsFormUI\Northwind.WindowsFormUI.csproj", "{93D7504D-D700-46B8-8DB6-7004A53BE18E}"
EndProject
Project("{FAE04EC0-301F-11D3-BF4B-00C04F79EFBC}") = "Northwind.UnitTests", "Northwind.UnitTests\Northwind.UnitTests.csproj", "{CE3927EF-B190-48F4-BA5A-91F009DE7A8F}"
EndProject
Global
	GlobalSection(SolutionConfigurationPlatforms) = preSolution
		Debug|Any CPU = Debug|Any CPU
		Release|Any CPU = Release|Any CPU
	EndGlobalSection
	GlobalSection(ProjectConfigurationPlatforms) = postSolution
		{3C8A1680-6B23-4284-BEF0-2BC85CC77458}.Debug|Any CPU.ActiveCfg = Debug|Any CPU
		{3C8A1680-6B23-4284-BEF0-2BC85CC77458}.Debug|Any CPU.Build.0 = Debug|Any CPU
		{3C8A1680-6B23-4284-BEF0-2BC85CC77458}.Release|Any CPU.ActiveCfg = Release|Any CPU
		{3C8A1680-6B23-4284-BEF0-2BC85CC77458}.Release|Any CPU.Build.0 = Release|Any CPU
		{995CF466-62A6-4A12-8ED0-EDFAFA3570E1}.Debug|Any CPU.ActiveCfg = Debug|Any CPU
		{995CF466-62A6-4A12-8ED0-EDFAFA3570E1}.Debug|Any CPU.Build.0 = Debug|Any CPU
		{995CF466-62A6-4A12-8ED0-EDFAFA3570E1}.Release|Any CPU.ActiveCfg = Release|Any CPU
		{995CF466-62A6-4A12-8ED0-EDFAFA3570E1}.Release|Any CPU.Build.0 = Release|Any CPU
		{7B1B8047-7C49-47E1-9BD9-5D94C7E7FA57}.Debug|Any CPU.ActiveCfg = Debug|Any CPU
		{7B1B8047-7C49-47E1-9BD9-5D94C7E7FA57}.Debug|Any CPU.Build.0 = Debug|Any CPU
		{7B1B8047-7C49-47E1-9BD9-5D94C7E7FA57}.Release|Any CPU.ActiveCfg = Release|Any CPU
		{7B1B8047-7C49-47E1-9BD9-5D94C7E7FA57}.Release|Any CPU.Build.0 = Release|Any CPU
		{93D7504D-D700-46B8-8DB6-7004A53BE18E}.Debug|Any CPU.ActiveCfg = Debug|Any CPU
		{93D7504D-D700-46B8-8DB6-7004A53BE18E}.Debug|Any CPU.Build.0 = Debug|Any CPU
		{93D7504D-D700-46B8-8DB6-7004A53BE18E}.Release|Any CPU.ActiveCfg = Release|Any CPU
		{93D7504D-D700-46B8-8DB6-7004A53BE18E}.Release|Any CPU.Build.0 = Release|Any CPU
		{CE3927EF-B190-48F4-BA5A-91F009DE7A8F}.Debug|Any CPU.ActiveCfg = Debug|Any CPU
		{CE3927EF-B190-48F4-BA5A-91F009DE7A8F}.Debug|Any CPU.Build.0 = Debug|Any CPU
		{CE3927EF-B190-48F4-BA5A-91F009DE7A8F}.Release|Any CPU.ActiveCfg = Release|Any CPU
		{CE3927EF-B190-48F4-BA5A-91F009DE7A8F}.Release|Any CPU.Build.0 = Release|Any CPU
	EndGlobalSection
	GlobalSection(SolutionProperties) = preSolution
		HideSolutionNode = FALSE
	EndGlobalSection
	GlobalSection(ExtensibilityGlobals) = postSolution
		SolutionGuid = {FB2690DA-2843-4DAD-B169-A4538E3205A2}
	EndGlobalSection
EndGlobal
